
Microsoft Visual Studio Solution File, Format Version 12.00
# Visual Studio Version 16
VisualStudioVersion = 16.6.30114.105
MinimumVisualStudioVersion = 10.0.40219.1
Project("{9A19103F-16F7-4668-BE54-9A1E7A4F7556}") = "REST-with-ASP-NET", "REST-with-ASP-NET\REST-with-ASP-NET.csproj", "{81F65CEE-AECB-45AE-8BD0-29E16C471957}"
EndProject
Project("{E53339B2-1760-4266-BCC7-CA923CBCF16C}") = "docker-compose", "docker-compose.dcproj", "{99D42582-E7BD-490B-8B23-D92A79DACAE0}"
EndProject
Global
	GlobalSection(SolutionConfigurationPlatforms) = preSolution
		Debug|Any CPU = Debug|Any CPU
		Debug|x64 = Debug|x64
		Debug|x86 = Debug|x86
		Release|Any CPU = Release|Any CPU
		Release|x64 = Release|x64
		Release|x86 = Release|x86
	EndGlobalSection
	GlobalSection(ProjectConfigurationPlatforms) = postSolution
		{81F65CEE-AECB-45AE-8BD0-29E16C471957}.Debug|Any CPU.ActiveCfg = Debug|Any CPU
		{81F65CEE-AECB-45AE-8BD0-29E16C471957}.Debug|Any CPU.Build.0 = Debug|Any CPU
		{81F65CEE-AECB-45AE-8BD0-29E16C471957}.Debug|x64.ActiveCfg = Debug|Any CPU
		{81F65CEE-AECB-45AE-8BD0-29E16C471957}.Debug|x64.Build.0 = Debug|Any CPU
		{81F65CEE-AECB-45AE-8BD0-29E16C471957}.Debug|x86.ActiveCfg = Debug|Any CPU
		{81F65CEE-AECB-45AE-8BD0-29E16C471957}.Debug|x86.Build.0 = Debug|Any CPU
		{81F65CEE-AECB-45AE-8BD0-29E16C471957}.Release|Any CPU.ActiveCfg = Release|Any CPU
		{81F65CEE-AECB-45AE-8BD0-29E16C471957}.Release|Any CPU.Build.0 = Release|Any CPU
		{81F65CEE-AECB-45AE-8BD0-29E16C471957}.Release|x64.ActiveCfg = Release|Any CPU
		{81F65CEE-AECB-45AE-8BD0-29E16C471957}.Release|x64.Build.0 = Release|Any CPU
		{81F65CEE-AECB-45AE-8BD0-29E16C471957}.Release|x86.ActiveCfg = Release|Any CPU
		{81F65CEE-AECB-45AE-8BD0-29E16C471957}.Release|x86.Build.0 = Release|Any CPU
		{99D42582-E7BD-490B-8B23-D92A79DACAE0}.Debug|Any CPU.ActiveCfg = Debug|Any CPU
		{99D42582-E7BD-490B-8B23-D92A79DACAE0}.Debug|Any CPU.Build.0 = Debug|Any CPU
		{99D42582-E7BD-490B-8B23-D92A79DACAE0}.Debug|x64.ActiveCfg = Debug|Any CPU
		{99D42582-E7BD-490B-8B23-D92A79DACAE0}.Debug|x64.Build.0 = Debug|Any CPU
		{99D42582-E7BD-490B-8B23-D92A79DACAE0}.Debug|x86.ActiveCfg = Debug|Any CPU
		{99D42582-E7BD-490B-8B23-D92A79DACAE0}.Debug|x86.Build.0 = Debug|Any CPU
		{99D42582-E7BD-490B-8B23-D92A79DACAE0}.Release|Any CPU.ActiveCfg = Release|Any CPU
		{99D42582-E7BD-490B-8B23-D92A79DACAE0}.Release|Any CPU.Build.0 = Release|Any CPU
		{99D42582-E7BD-490B-8B23-D92A79DACAE0}.Release|x64.ActiveCfg = Release|Any CPU
		{99D42582-E7BD-490B-8B23-D92A79DACAE0}.Release|x64.Build.0 = Release|Any CPU
		{99D42582-E7BD-490B-8B23-D92A79DACAE0}.Release|x86.ActiveCfg = Release|Any CPU
		{99D42582-E7BD-490B-8B23-D92A79DACAE0}.Release|x86.Build.0 = Release|Any CPU
	EndGlobalSection
	GlobalSection(SolutionProperties) = preSolution
		HideSolutionNode = FALSE
	EndGlobalSection
	GlobalSection(ExtensibilityGlobals) = postSolution
		SolutionGuid = {745944E2-DE22-4C0B-AB97-BC59CC5DC193}
	EndGlobalSection
EndGlobal
